{
  "name": "user-table-exercise-codeable",
  "version": "1.0.0",
  "lockfileVersion": 1,
  "requires": true,
  "dependencies": {
    "@babel/runtime": {
      "version": "7.1.5",
      "resolved": "https://registry.npmjs.org/@babel/runtime/-/runtime-7.1.5.tgz",
      "integrity": "sha512-xKnPpXG/pvK1B90JkwwxSGii90rQGKtzcMt2gI5G6+M0REXaq6rOHsGC2ay6/d0Uje7zzvSzjEzfR3ENhFlrfA==",
      "requires": {
        "regenerator-runtime": "^0.12.0"
      }
    },
    "@tannin/compile": {
      "version": "1.0.1",
      "resolved": "https://registry.npmjs.org/@tannin/compile/-/compile-1.0.1.tgz",
      "integrity": "sha512-ymd9icvnkQin8UG4eRU3+xBc7gqTn/Kv5+EMY3ALWVwIl6j/7McWbCkxB8MgU40UaHJk8kLCk06wiKszXLdXWQ==",
      "requires": {
        "@tannin/evaluate": "^1.0.0",
        "@tannin/postfix": "^1.0.0"
      }
    },
    "@tannin/evaluate": {
      "version": "1.0.0",
      "resolved": "https://registry.npmjs.org/@tannin/evaluate/-/evaluate-1.0.0.tgz",
      "integrity": "sha512-gO7YbJsD8sj5/nqUbFZv71Meu2++D9n4DZov/cWwp3YJbBwKShPlWwwlXr/0vz4vuxm/gys+3NiGbZkmhlXf0Q=="
    },
    "@tannin/plural-forms": {
      "version": "1.0.1",
      "resolved": "https://registry.npmjs.org/@tannin/plural-forms/-/plural-forms-1.0.1.tgz",
      "integrity": "sha512-SXutT+XLbMOECvmWDBSqIOHhS5hzWG9875HCFGKYgp8ghGPrJ4HZ325Xc0hsRThdjgrWMEQixlbpWl4SXOQTig==",
      "requires": {
        "@tannin/compile": "^1.0.0"
      }
    },
    "@tannin/postfix": {
      "version": "1.0.0",
      "resolved": "https://registry.npmjs.org/@tannin/postfix/-/postfix-1.0.0.tgz",
      "integrity": "sha512-59/mWwU7sXHfoU2kI3RcWRki2Jjbz5nEVJNBN4MUyIhPjXTebAcZqgsQACvlk+sjKVOTMEMHcrFrKQbaxz/1Dw=="
    },
    "@wordpress/i18n": {
      "version": "3.1.0",
      "resolved": "https://registry.npmjs.org/@wordpress/i18n/-/i18n-3.1.0.tgz",
      "integrity": "sha512-zHqLRuKrDV3FYh8PYDs4ABO/csiEAy1EfTffMtMS/8GAz4BcWrcqDjyH42GJF8iwWdG5+DdsllP5oerAQMHnng==",
      "requires": {
        "@babel/runtime": "^7.0.0",
        "gettext-parser": "^1.3.1",
        "lodash": "^4.17.10",
        "memize": "^1.0.5",
        "sprintf-js": "^1.1.1",
        "tannin": "^1.0.1"
      }
    },
    "encoding": {
      "version": "0.1.12",
      "resolved": "https://registry.npmjs.org/encoding/-/encoding-0.1.12.tgz",
      "integrity": "sha1-U4tm8+5izRq1HsMjgp0flIDHS+s=",
      "requires": {
        "iconv-lite": "~0.4.13"
      }
    },
    "es6-promise": {
      "version": "4.2.5",
      "resolved": "https://registry.npmjs.org/es6-promise/-/es6-promise-4.2.5.tgz",
      "integrity": "sha512-n6wvpdE43VFtJq+lUDYDBFUwV8TZbuGXLV4D6wKafg13ldznKsyEvatubnmUe31zcvelSzOHF+XbaT+Bl9ObDg=="
    },
    "gettext-parser": {
      "version": "1.4.0",
      "resolved": "http://registry.npmjs.org/gettext-parser/-/gettext-parser-1.4.0.tgz",
      "integrity": "sha512-sedZYLHlHeBop/gZ1jdg59hlUEcpcZJofLq2JFwJT1zTqAU3l2wFv6IsuwFHGqbiT9DWzMUW4/em2+hspnmMMA==",
      "requires": {
        "encoding": "^0.1.12",
        "safe-buffer": "^5.1.1"
      }
    },
    "iconv-lite": {
      "version": "0.4.24",
      "resolved": "https://registry.npmjs.org/iconv-lite/-/iconv-lite-0.4.24.tgz",
      "integrity": "sha512-v3MXnZAcvnywkTUEZomIActle7RXXeedOR31wwl7VlyoXO4Qi9arvSenNQWne1TcRwhCL1HwLI21bEqdpj8/rA==",
      "requires": {
        "safer-buffer": ">= 2.1.2 < 3"
      }
    },
    "is-stream": {
      "version": "1.1.0",
      "resolved": "https://registry.npmjs.org/is-stream/-/is-stream-1.1.0.tgz",
      "integrity": "sha1-EtSj3U5o4Lec6428hBc66A2RykQ="
    },
    "isomorphic-fetch": {
      "version": "2.2.1",
      "resolved": "https://registry.npmjs.org/isomorphic-fetch/-/isomorphic-fetch-2.2.1.tgz",
      "integrity": "sha1-YRrhrPFPXoH3KVB0coGf6XM1WKk=",
      "requires": {
        "node-fetch": "^1.0.1",
        "whatwg-fetch": ">=0.10.0"
      }
    },
    "js-tokens": {
      "version": "4.0.0",
      "resolved": "https://registry.npmjs.org/js-tokens/-/js-tokens-4.0.0.tgz",
      "integrity": "sha512-RdJUflcE3cUzKiMqQgsCu06FPu9UdIJO0beYbPhHN4k6apgJtifcoCtT9bcxOpYBtpD2kCM6Sbzg4CausW/PKQ=="
    },
    "lodash": {
      "version": "4.17.11",
      "resolved": "https://registry.npmjs.org/lodash/-/lodash-4.17.11.tgz",
      "integrity": "sha512-cQKh8igo5QUhZ7lg38DYWAxMvjSAKG0A8wGSVimP07SIUEK2UO+arSRKbRZWtelMtN5V0Hkwh5ryOto/SshYIg=="
    },
    "loose-envify": {
      "version": "1.4.0",
      "resolved": "https://registry.npmjs.org/loose-envify/-/loose-envify-1.4.0.tgz",
      "integrity": "sha512-lyuxPGr/Wfhrlem2CL/UcnUc1zcqKAImBDzukY7Y5F/yQiNdko6+fRLevlw1HgMySw7f611UIY408EtxRSoK3Q==",
      "requires": {
        "js-tokens": "^3.0.0 || ^4.0.0"
      }
    },
    "memize": {
      "version": "1.0.5",
      "resolved": "https://registry.npmjs.org/memize/-/memize-1.0.5.tgz",
      "integrity": "sha512-Dm8Jhb5kiC4+ynYsVR4QDXKt+o2dfqGuY4hE2x+XlXZkdndlT80bJxfcMv5QGp/FCy6MhG7f5ElpmKPFKOSEpg=="
    },
    "node-fetch": {
      "version": "1.7.3",
      "resolved": "https://registry.npmjs.org/node-fetch/-/node-fetch-1.7.3.tgz",
      "integrity": "sha512-NhZ4CsKx7cYm2vSrBAr2PvFOe6sWDf0UYLRqA6svUYg7+/TSfVAu49jYC4BvQ4Sms9SZgdqGBgroqfDhJdTyKQ==",
      "requires": {
        "encoding": "^0.1.11",
        "is-stream": "^1.0.1"
      }
    },
    "object-assign": {
      "version": "4.1.1",
      "resolved": "https://registry.npmjs.org/object-assign/-/object-assign-4.1.1.tgz",
      "integrity": "sha1-IQmtx5ZYh8/AXLvUQsrIv7s2CGM="
    },
    "promise-polyfill": {
      "version": "8.1.0",
      "resolved": "https://registry.npmjs.org/promise-polyfill/-/promise-polyfill-8.1.0.tgz",
      "integrity": "sha512-OzSf6gcCUQ01byV4BgwyUCswlaQQ6gzXc23aLQWhicvfX9kfsUiUhgt3CCQej8jDnl8/PhGF31JdHX2/MzF3WA=="
    },
    "prop-types": {
      "version": "15.6.2",
      "resolved": "https://registry.npmjs.org/prop-types/-/prop-types-15.6.2.tgz",
      "integrity": "sha512-3pboPvLiWD7dkI3qf3KbUe6hKFKa52w+AE0VCqECtf+QHAKgOL37tTaNCnuX1nAAQ4ZhyP+kYVKf8rLmJ/feDQ==",
      "requires": {
        "loose-envify": "^1.3.1",
        "object-assign": "^4.1.1"
      }
    },
    "react": {
      "version": "16.6.3",
      "resolved": "https://registry.npmjs.org/react/-/react-16.6.3.tgz",
      "integrity": "sha512-zCvmH2vbEolgKxtqXL2wmGCUxUyNheYn/C+PD1YAjfxHC54+MhdruyhO7QieQrYsYeTxrn93PM2y0jRH1zEExw==",
      "requires": {
        "loose-envify": "^1.1.0",
        "object-assign": "^4.1.1",
        "prop-types": "^15.6.2",
        "scheduler": "^0.11.2"
      }
    },
    "react-dom": {
      "version": "16.6.3",
      "resolved": "https://registry.npmjs.org/react-dom/-/react-dom-16.6.3.tgz",
      "integrity": "sha512-8ugJWRCWLGXy+7PmNh8WJz3g1TaTUt1XyoIcFN+x0Zbkoz+KKdUyx1AQLYJdbFXjuF41Nmjn5+j//rxvhFjgSQ==",
      "requires": {
        "loose-envify": "^1.1.0",
        "object-assign": "^4.1.1",
        "prop-types": "^15.6.2",
        "scheduler": "^0.11.2"
      }
    },
    "regenerator-runtime": {
      "version": "0.12.1",
      "resolved": "https://registry.npmjs.org/regenerator-runtime/-/regenerator-runtime-0.12.1.tgz",
      "integrity": "sha512-odxIc1/vDlo4iZcfXqRYFj0vpXFNoGdKMAUieAlFYO6m/nl5e9KR/beGf41z4a1FI+aQgtjhuaSlDxQ0hmkrHg=="
    },
    "safe-buffer": {
      "version": "5.1.2",
      "resolved": "https://registry.npmjs.org/safe-buffer/-/safe-buffer-5.1.2.tgz",
      "integrity": "sha512-Gd2UZBJDkXlY7GbJxfsE8/nvKkUEU1G38c1siN6QP6a9PT9MmHB8GnpscSmMJSoF8LOIrt8ud/wPtojys4G6+g=="
    },
    "safer-buffer": {
      "version": "2.1.2",
      "resolved": "https://registry.npmjs.org/safer-buffer/-/safer-buffer-2.1.2.tgz",
      "integrity": "sha512-YZo3K82SD7Riyi0E1EQPojLz7kpepnSQI9IyPbHHg1XXXevb5dJI7tpyN2ADxGcQbHG7vcyRHk0cbwqcQriUtg=="
    },
    "scheduler": {
      "version": "0.11.2",
      "resolved": "https://registry.npmjs.org/scheduler/-/scheduler-0.11.2.tgz",
      "integrity": "sha512-+WCP3s3wOaW4S7C1tl3TEXp4l9lJn0ZK8G3W3WKRWmw77Z2cIFUW2MiNTMHn5sCjxN+t7N43HAOOgMjyAg5hlg==",
      "requires": {
        "loose-envify": "^1.1.0",
        "object-assign": "^4.1.1"
      }
    },
    "sprintf-js": {
      "version": "1.1.1",
      "resolved": "https://registry.npmjs.org/sprintf-js/-/sprintf-js-1.1.1.tgz",
      "integrity": "sha1-Nr54Mgr+WAH2zqPueLblqrlA6gw="
    },
    "tannin": {
      "version": "1.0.1",
      "resolved": "https://registry.npmjs.org/tannin/-/tannin-1.0.1.tgz",
      "integrity": "sha512-dDtnwHQ63bS/Gz0ZLY+E+JCdRoTZkmoKDoC64y3hzAD2X2qrp8jSuWNUjtiYHA48mtj4Ens9xl4knAOm1t+rfQ==",
      "requires": {
        "@tannin/plural-forms": "^1.0.0"
      }
    },
    "whatwg-fetch": {
      "version": "3.0.0",
      "resolved": "https://registry.npmjs.org/whatwg-fetch/-/whatwg-fetch-3.0.0.tgz",
      "integrity": "sha512-9GSJUgz1D4MfyKU7KRqwOjXCXTqWdFNvEr7eUBYchQiVc744mqK/MzXPNR2WsPkmkOa4ywfg8C2n8h+13Bey1Q=="
    }
  }
}
